
Microsoft Visual Studio Solution File, Format Version 12.00
# Visual Studio Version 16
VisualStudioVersion = 16.0.29911.84
MinimumVisualStudioVersion = 10.0.40219.1
Project("{FAE04EC0-301F-11D3-BF4B-00C04F79EFBC}") = "EnergyTplus", "EnergyTplus\EnergyTplus.csproj", "{16A5CB8D-2709-46E0-AEB3-EFEF1D54149B}"
EndProject
Global
	GlobalSection(SolutionConfigurationPlatforms) = preSolution
		Debug|Any CPU = Debug|Any CPU
		Release|Any CPU = Release|Any CPU
	EndGlobalSection
	GlobalSection(ProjectConfigurationPlatforms) = postSolution
		{16A5CB8D-2709-46E0-AEB3-EFEF1D54149B}.Debug|Any CPU.ActiveCfg = Debug|Any CPU
		{16A5CB8D-2709-46E0-AEB3-EFEF1D54149B}.Debug|Any CPU.Build.0 = Debug|Any CPU
		{16A5CB8D-2709-46E0-AEB3-EFEF1D54149B}.Release|Any CPU.ActiveCfg = Release|Any CPU
		{16A5CB8D-2709-46E0-AEB3-EFEF1D54149B}.Release|Any CPU.Build.0 = Release|Any CPU
	EndGlobalSection
	GlobalSection(SolutionProperties) = preSolution
		HideSolutionNode = FALSE
	EndGlobalSection
	GlobalSection(ExtensibilityGlobals) = postSolution
		SolutionGuid = {6A9F1D03-C9DF-45A8-90D7-DE656C8A41D4}
	EndGlobalSection
EndGlobal
